
Microsoft Visual Studio Solution File, Format Version 12.00
# Visual Studio Version 17
VisualStudioVersion = 17.14.36623.8 d17.14
MinimumVisualStudioVersion = 10.0.40219.1
Project("{FAE04EC0-301F-11D3-BF4B-00C04F79EFBC}") = "Lab5_SeleniumTests", "Lab5_SeleniumTests\Lab5_SeleniumTests.csproj", "{D38F5054-CB8A-4637-BE38-7A6134551EF8}"
EndProject
Global
	GlobalSection(SolutionConfigurationPlatforms) = preSolution
		Debug|Any CPU = Debug|Any CPU
		Release|Any CPU = Release|Any CPU
	EndGlobalSection
	GlobalSection(ProjectConfigurationPlatforms) = postSolution
		{D38F5054-CB8A-4637-BE38-7A6134551EF8}.Debug|Any CPU.ActiveCfg = Debug|Any CPU
		{D38F5054-CB8A-4637-BE38-7A6134551EF8}.Debug|Any CPU.Build.0 = Debug|Any CPU
		{D38F5054-CB8A-4637-BE38-7A6134551EF8}.Release|Any CPU.ActiveCfg = Release|Any CPU
		{D38F5054-CB8A-4637-BE38-7A6134551EF8}.Release|Any CPU.Build.0 = Release|Any CPU
	EndGlobalSection
	GlobalSection(SolutionProperties) = preSolution
		HideSolutionNode = FALSE
	EndGlobalSection
	GlobalSection(ExtensibilityGlobals) = postSolution
		SolutionGuid = {2FEE7366-B888-41C5-8931-431C4790390E}
	EndGlobalSection
EndGlobal
